// !$*UTF8*$!
{
	archiveVersion = 1;
	classes = {
	};
	objectVersion = 46;
	objects = {

/* Begin PBXBuildFile section */
		7013C7761BF3E0CB007BB646 /* AppDelegate.swift in Sources */ = {isa = PBXBuildFile; fileRef = 7013C7751BF3E0CB007BB646 /* AppDelegate.swift */; };
		7013C77B1BF3E0CB007BB646 /* Main.storyboard in Resources */ = {isa = PBXBuildFile; fileRef = 7013C7791BF3E0CB007BB646 /* Main.storyboard */; };
		7013C77E1BF3E0CB007BB646 /* Diabetes_Emoticons.xcdatamodeld in Sources */ = {isa = PBXBuildFile; fileRef = 7013C77C1BF3E0CB007BB646 /* Diabetes_Emoticons.xcdatamodeld */; };
		7013C7801BF3E0CB007BB646 /* Assets.xcassets in Resources */ = {isa = PBXBuildFile; fileRef = 7013C77F1BF3E0CB007BB646 /* Assets.xcassets */; };
		7013C7831BF3E0CB007BB646 /* LaunchScreen.storyboard in Resources */ = {isa = PBXBuildFile; fileRef = 7013C7811BF3E0CB007BB646 /* LaunchScreen.storyboard */; };
		7013C78E1BF3E0CB007BB646 /* Diabetes_EmoticonsTests.swift in Sources */ = {isa = PBXBuildFile; fileRef = 7013C78D1BF3E0CB007BB646 /* Diabetes_EmoticonsTests.swift */; };
		7013C7991BF3E0CB007BB646 /* Diabetes_EmoticonsUITests.swift in Sources */ = {isa = PBXBuildFile; fileRef = 7013C7981BF3E0CB007BB646 /* Diabetes_EmoticonsUITests.swift */; };
		7013C7A71BF3E2A5007BB646 /* EmoticonTableViewCell.swift in Sources */ = {isa = PBXBuildFile; fileRef = 7013C7A61BF3E2A5007BB646 /* EmoticonTableViewCell.swift */; };
		70703C991C161DDD00A8AD83 /* WebViewController.swift in Sources */ = {isa = PBXBuildFile; fileRef = 70F2BF6A1C0D4BFE00D05DF1 /* WebViewController.swift */; };
		70703C9B1C1622F800A8AD83 /* IconEnumerater.swift in Sources */ = {isa = PBXBuildFile; fileRef = 70703C9A1C1622F800A8AD83 /* IconEnumerater.swift */; };
		708110A61C290917008624CE /* EmoticonTableViewController.swift in Sources */ = {isa = PBXBuildFile; fileRef = 708110A51C290917008624CE /* EmoticonTableViewController.swift */; };
		7083147E1C63E200005712AA /* BG All Over the Board.png in Resources */ = {isa = PBXBuildFile; fileRef = 708314581C63E200005712AA /* BG All Over the Board.png */; };
		7083147F1C63E200005712AA /* BG in 15 min.png in Resources */ = {isa = PBXBuildFile; fileRef = 708314591C63E200005712AA /* BG in 15 min.png */; };
		708314801C63E200005712AA /* BG Meter.png in Resources */ = {isa = PBXBuildFile; fileRef = 7083145A1C63E200005712AA /* BG Meter.png */; };
		708314811C63E200005712AA /* Call.png in Resources */ = {isa = PBXBuildFile; fileRef = 7083145B1C63E200005712AA /* Call.png */; };
		708314821C63E200005712AA /* CGM.png in Resources */ = {isa = PBXBuildFile; fileRef = 7083145C1C63E200005712AA /* CGM.png */; };
		708314831C63E200005712AA /* Cupcake.png in Resources */ = {isa = PBXBuildFile; fileRef = 7083145D1C63E200005712AA /* Cupcake.png */; };
		708314841C63E200005712AA /* Diet Soda.png in Resources */ = {isa = PBXBuildFile; fileRef = 7083145E1C63E200005712AA /* Diet Soda.png */; };
		708314851C63E200005712AA /* Donut.png in Resources */ = {isa = PBXBuildFile; fileRef = 7083145F1C63E200005712AA /* Donut.png */; };
		708314861C63E200005712AA /* Driving BG Check.png in Resources */ = {isa = PBXBuildFile; fileRef = 708314601C63E200005712AA /* Driving BG Check.png */; };
		708314871C63E200005712AA /* Exam BG Check.png in Resources */ = {isa = PBXBuildFile; fileRef = 708314611C63E200005712AA /* Exam BG Check.png */; };
		708314881C63E200005712AA /* Feeling Bad.png in Resources */ = {isa = PBXBuildFile; fileRef = 708314621C63E200005712AA /* Feeling Bad.png */; };
		708314891C63E200005712AA /* Feeling Good.png in Resources */ = {isa = PBXBuildFile; fileRef = 708314631C63E200005712AA /* Feeling Good.png */; };
		7083148A1C63E200005712AA /* Feeling Shaky.png in Resources */ = {isa = PBXBuildFile; fileRef = 708314641C63E200005712AA /* Feeling Shaky.png */; };
		7083148B1C63E200005712AA /* Feeling So-So.png in Resources */ = {isa = PBXBuildFile; fileRef = 708314651C63E200005712AA /* Feeling So-So.png */; };
		7083148C1C63E200005712AA /* Field Trip BG Check.png in Resources */ = {isa = PBXBuildFile; fileRef = 708314661C63E200005712AA /* Field Trip BG Check.png */; };
		7083148D1C63E200005712AA /* Glucose Tablet.png in Resources */ = {isa = PBXBuildFile; fileRef = 708314671C63E200005712AA /* Glucose Tablet.png */; };
		7083148E1C63E200005712AA /* Healthy Snack.png in Resources */ = {isa = PBXBuildFile; fileRef = 708314681C63E200005712AA /* Healthy Snack.png */; };
		7083148F1C63E200005712AA /* High BG.png in Resources */ = {isa = PBXBuildFile; fileRef = 708314691C63E200005712AA /* High BG.png */; };
		708314901C63E200005712AA /* Hungry.png in Resources */ = {isa = PBXBuildFile; fileRef = 7083146A1C63E200005712AA /* Hungry.png */; };
		708314911C63E200005712AA /* Insulin Pump.png in Resources */ = {isa = PBXBuildFile; fileRef = 7083146B1C63E200005712AA /* Insulin Pump.png */; };
		708314921C63E200005712AA /* Insulin Shot (Pen).png in Resources */ = {isa = PBXBuildFile; fileRef = 7083146C1C63E200005712AA /* Insulin Shot (Pen).png */; };
		708314931C63E200005712AA /* Juice Box.png in Resources */ = {isa = PBXBuildFile; fileRef = 7083146D1C63E200005712AA /* Juice Box.png */; };
		708314941C63E200005712AA /* Ketone Time.png in Resources */ = {isa = PBXBuildFile; fileRef = 7083146E1C63E200005712AA /* Ketone Time.png */; };
		708314951C63E200005712AA /* Low BG.png in Resources */ = {isa = PBXBuildFile; fileRef = 7083146F1C63E200005712AA /* Low BG.png */; };
		708314961C63E200005712AA /* Need A Break.png in Resources */ = {isa = PBXBuildFile; fileRef = 708314701C63E200005712AA /* Need A Break.png */; };
		708314971C63E200005712AA /* Nurse.png in Resources */ = {isa = PBXBuildFile; fileRef = 708314711C63E200005712AA /* Nurse.png */; };
		708314981C63E200005712AA /* PE Class.png in Resources */ = {isa = PBXBuildFile; fileRef = 708314721C63E200005712AA /* PE Class.png */; };
		708314991C63E200005712AA /* Perfect BG.png in Resources */ = {isa = PBXBuildFile; fileRef = 708314731C63E200005712AA /* Perfect BG.png */; };
		7083149A1C63E200005712AA /* Pizza.png in Resources */ = {isa = PBXBuildFile; fileRef = 708314741C63E200005712AA /* Pizza.png */; };
		7083149B1C63E200005712AA /* Potty Time.png in Resources */ = {isa = PBXBuildFile; fileRef = 708314751C63E200005712AA /* Potty Time.png */; };
		7083149C1C63E200005712AA /* Regular Soda.png in Resources */ = {isa = PBXBuildFile; fileRef = 708314761C63E200005712AA /* Regular Soda.png */; };
		7083149D1C63E200005712AA /* Site Change.png in Resources */ = {isa = PBXBuildFile; fileRef = 708314771C63E200005712AA /* Site Change.png */; };
		7083149E1C63E200005712AA /* Sleepover.png in Resources */ = {isa = PBXBuildFile; fileRef = 708314781C63E200005712AA /* Sleepover.png */; };
		7083149F1C63E200005712AA /* Sleepy.png in Resources */ = {isa = PBXBuildFile; fileRef = 708314791C63E200005712AA /* Sleepy.png */; };
		708314A01C63E200005712AA /* Syringe.png in Resources */ = {isa = PBXBuildFile; fileRef = 7083147A1C63E200005712AA /* Syringe.png */; };
		708314A11C63E200005712AA /* Thirsty.png in Resources */ = {isa = PBXBuildFile; fileRef = 7083147B1C63E200005712AA /* Thirsty.png */; };
		708314A21C63E200005712AA /* Took Care of It.png in Resources */ = {isa = PBXBuildFile; fileRef = 7083147C1C63E200005712AA /* Took Care of It.png */; };
		708314A31C63E200005712AA /* Water.png in Resources */ = {isa = PBXBuildFile; fileRef = 7083147D1C63E200005712AA /* Water.png */; };
		708365D81BFED40A00EA9FEC /* Emoticon.swift in Sources */ = {isa = PBXBuildFile; fileRef = 708365D71BFED40A00EA9FEC /* Emoticon.swift */; };
		708365E41BFFAD8C00EA9FEC /* EmoticonDetailViewController.swift in Sources */ = {isa = PBXBuildFile; fileRef = 708365E31BFFAD8C00EA9FEC /* EmoticonDetailViewController.swift */; };
		70F2BF671C0D486400D05DF1 /* MoreTableViewCell.swift in Sources */ = {isa = PBXBuildFile; fileRef = 70F2BF661C0D486400D05DF1 /* MoreTableViewCell.swift */; };
		70F2BF691C0D490D00D05DF1 /* MoreTableViewController.swift in Sources */ = {isa = PBXBuildFile; fileRef = 70F2BF681C0D490D00D05DF1 /* MoreTableViewController.swift */; };
		70F2BF6F1C0D4F3700D05DF1 /* SendMessageViewController.swift in Sources */ = {isa = PBXBuildFile; fileRef = 70F2BF6E1C0D4F3700D05DF1 /* SendMessageViewController.swift */; };
		70F4F9BE1CA3A29D006CFA14 /* Emoticon.storyboard in Resources */ = {isa = PBXBuildFile; fileRef = 70F4F9BC1CA3A29D006CFA14 /* Emoticon.storyboard */; };
		70F4F9C01CA3A4D1006CFA14 /* EmoticonTabViewController.swift in Sources */ = {isa = PBXBuildFile; fileRef = 70F4F9BF1CA3A4D1006CFA14 /* EmoticonTabViewController.swift */; };
/* End PBXBuildFile section */

/* Begin PBXContainerItemProxy section */
		7013C78A1BF3E0CB007BB646 /* PBXContainerItemProxy */ = {
			isa = PBXContainerItemProxy;
			containerPortal = 7013C76A1BF3E0CB007BB646 /* Project object */;
			proxyType = 1;
			remoteGlobalIDString = 7013C7711BF3E0CB007BB646;
			remoteInfo = "Diabetes Emoticons";
		};
		7013C7951BF3E0CB007BB646 /* PBXContainerItemProxy */ = {
			isa = PBXContainerItemProxy;
			containerPortal = 7013C76A1BF3E0CB007BB646 /* Project object */;
			proxyType = 1;
			remoteGlobalIDString = 7013C7711BF3E0CB007BB646;
			remoteInfo = "Diabetes Emoticons";
		};
/* End PBXContainerItemProxy section */

/* Begin PBXFileReference section */
		7013C7721BF3E0CB007BB646 /* Diabetes Emoticons.app */ = {isa = PBXFileReference; explicitFileType = wrapper.application; includeInIndex = 0; path = "Diabetes Emoticons.app"; sourceTree = BUILT_PRODUCTS_DIR; };
		7013C7751BF3E0CB007BB646 /* AppDelegate.swift */ = {isa = PBXFileReference; lastKnownFileType = sourcecode.swift; path = AppDelegate.swift; sourceTree = "<group>"; };
		7013C77A1BF3E0CB007BB646 /* Base */ = {isa = PBXFileReference; lastKnownFileType = file.storyboard; name = Base; path = Base.lproj/Main.storyboard; sourceTree = "<group>"; };
		7013C77D1BF3E0CB007BB646 /* Diabetes_Emoticons.xcdatamodel */ = {isa = PBXFileReference; lastKnownFileType = wrapper.xcdatamodel; path = Diabetes_Emoticons.xcdatamodel; sourceTree = "<group>"; };
		7013C77F1BF3E0CB007BB646 /* Assets.xcassets */ = {isa = PBXFileReference; lastKnownFileType = folder.assetcatalog; path = Assets.xcassets; sourceTree = "<group>"; };
		7013C7821BF3E0CB007BB646 /* Base */ = {isa = PBXFileReference; lastKnownFileType = file.storyboard; name = Base; path = Base.lproj/LaunchScreen.storyboard; sourceTree = "<group>"; };
		7013C7841BF3E0CB007BB646 /* Info.plist */ = {isa = PBXFileReference; lastKnownFileType = text.plist.xml; path = Info.plist; sourceTree = "<group>"; };
		7013C7891BF3E0CB007BB646 /* Diabetes EmoticonsTests.xctest */ = {isa = PBXFileReference; explicitFileType = wrapper.cfbundle; includeInIndex = 0; path = "Diabetes EmoticonsTests.xctest"; sourceTree = BUILT_PRODUCTS_DIR; };
		7013C78D1BF3E0CB007BB646 /* Diabetes_EmoticonsTests.swift */ = {isa = PBXFileReference; lastKnownFileType = sourcecode.swift; path = Diabetes_EmoticonsTests.swift; sourceTree = "<group>"; };
		7013C78F1BF3E0CB007BB646 /* Info.plist */ = {isa = PBXFileReference; lastKnownFileType = text.plist.xml; path = Info.plist; sourceTree = "<group>"; };
		7013C7941BF3E0CB007BB646 /* Diabetes EmoticonsUITests.xctest */ = {isa = PBXFileReference; explicitFileType = wrapper.cfbundle; includeInIndex = 0; path = "Diabetes EmoticonsUITests.xctest"; sourceTree = BUILT_PRODUCTS_DIR; };
		7013C7981BF3E0CB007BB646 /* Diabetes_EmoticonsUITests.swift */ = {isa = PBXFileReference; lastKnownFileType = sourcecode.swift; path = Diabetes_EmoticonsUITests.swift; sourceTree = "<group>"; };
		7013C79A1BF3E0CB007BB646 /* Info.plist */ = {isa = PBXFileReference; lastKnownFileType = text.plist.xml; path = Info.plist; sourceTree = "<group>"; };
		7013C7A61BF3E2A5007BB646 /* EmoticonTableViewCell.swift */ = {isa = PBXFileReference; fileEncoding = 4; lastKnownFileType = sourcecode.swift; path = EmoticonTableViewCell.swift; sourceTree = "<group>"; };
		70703C9A1C1622F800A8AD83 /* IconEnumerater.swift */ = {isa = PBXFileReference; fileEncoding = 4; lastKnownFileType = sourcecode.swift; path = IconEnumerater.swift; sourceTree = "<group>"; };
		708110A51C290917008624CE /* EmoticonTableViewController.swift */ = {isa = PBXFileReference; fileEncoding = 4; lastKnownFileType = sourcecode.swift; path = EmoticonTableViewController.swift; sourceTree = "<group>"; };
		708314581C63E200005712AA /* BG All Over the Board.png */ = {isa = PBXFileReference; lastKnownFileType = image.png; name = "BG All Over the Board.png"; path = "Library/BG All Over the Board.png"; sourceTree = "<group>"; };
		708314591C63E200005712AA /* BG in 15 min.png */ = {isa = PBXFileReference; lastKnownFileType = image.png; name = "BG in 15 min.png"; path = "Library/BG in 15 min.png"; sourceTree = "<group>"; };
		7083145A1C63E200005712AA /* BG Meter.png */ = {isa = PBXFileReference; lastKnownFileType = image.png; name = "BG Meter.png"; path = "Library/BG Meter.png"; sourceTree = "<group>"; };
		7083145B1C63E200005712AA /* Call.png */ = {isa = PBXFileReference; lastKnownFileType = image.png; name = Call.png; path = Library/Call.png; sourceTree = "<group>"; };
		7083145C1C63E200005712AA /* CGM.png */ = {isa = PBXFileReference; lastKnownFileType = image.png; name = CGM.png; path = Library/CGM.png; sourceTree = "<group>"; };
		7083145D1C63E200005712AA /* Cupcake.png */ = {isa = PBXFileReference; lastKnownFileType = image.png; name = Cupcake.png; path = Library/Cupcake.png; sourceTree = "<group>"; };
		7083145E1C63E200005712AA /* Diet Soda.png */ = {isa = PBXFileReference; lastKnownFileType = image.png; name = "Diet Soda.png"; path = "Library/Diet Soda.png"; sourceTree = "<group>"; };
		7083145F1C63E200005712AA /* Donut.png */ = {isa = PBXFileReference; lastKnownFileType = image.png; name = Donut.png; path = Library/Donut.png; sourceTree = "<group>"; };
		708314601C63E200005712AA /* Driving BG Check.png */ = {isa = PBXFileReference; lastKnownFileType = image.png; name = "Driving BG Check.png"; path = "Library/Driving BG Check.png"; sourceTree = "<group>"; };
		708314611C63E200005712AA /* Exam BG Check.png */ = {isa = PBXFileReference; lastKnownFileType = image.png; name = "Exam BG Check.png"; path = "Library/Exam BG Check.png"; sourceTree = "<group>"; };
		708314621C63E200005712AA /* Feeling Bad.png */ = {isa = PBXFileReference; lastKnownFileType = image.png; name = "Feeling Bad.png"; path = "Library/Feeling Bad.png"; sourceTree = "<group>"; };
		708314631C63E200005712AA /* Feeling Good.png */ = {isa = PBXFileReference; lastKnownFileType = image.png; name = "Feeling Good.png"; path = "Library/Feeling Good.png"; sourceTree = "<group>"; };
		708314641C63E200005712AA /* Feeling Shaky.png */ = {isa = PBXFileReference; lastKnownFileType = image.png; name = "Feeling Shaky.png"; path = "Library/Feeling Shaky.png"; sourceTree = "<group>"; };
		708314651C63E200005712AA /* Feeling So-So.png */ = {isa = PBXFileReference; lastKnownFileType = image.png; name = "Feeling So-So.png"; path = "Library/Feeling So-So.png"; sourceTree = "<group>"; };
		708314661C63E200005712AA /* Field Trip BG Check.png */ = {isa = PBXFileReference; lastKnownFileType = image.png; name = "Field Trip BG Check.png"; path = "Library/Field Trip BG Check.png"; sourceTree = "<group>"; };
		708314671C63E200005712AA /* Glucose Tablet.png */ = {isa = PBXFileReference; lastKnownFileType = image.png; name = "Glucose Tablet.png"; path = "Library/Glucose Tablet.png"; sourceTree = "<group>"; };
		708314681C63E200005712AA /* Healthy Snack.png */ = {isa = PBXFileReference; lastKnownFileType = image.png; name = "Healthy Snack.png"; path = "Library/Healthy Snack.png"; sourceTree = "<group>"; };
		708314691C63E200005712AA /* High BG.png */ = {isa = PBXFileReference; lastKnownFileType = image.png; name = "High BG.png"; path = "Library/High BG.png"; sourceTree = "<group>"; };
		7083146A1C63E200005712AA /* Hungry.png */ = {isa = PBXFileReference; lastKnownFileType = image.png; name = Hungry.png; path = Library/Hungry.png; sourceTree = "<group>"; };
		7083146B1C63E200005712AA /* Insulin Pump.png */ = {isa = PBXFileReference; lastKnownFileType = image.png; name = "Insulin Pump.png"; path = "Library/Insulin Pump.png"; sourceTree = "<group>"; };
		7083146C1C63E200005712AA /* Insulin Shot (Pen).png */ = {isa = PBXFileReference; lastKnownFileType = image.png; name = "Insulin Shot (Pen).png"; path = "Library/Insulin Shot (Pen).png"; sourceTree = "<group>"; };
		7083146D1C63E200005712AA /* Juice Box.png */ = {isa = PBXFileReference; lastKnownFileType = image.png; name = "Juice Box.png"; path = "Library/Juice Box.png"; sourceTree = "<group>"; };
		7083146E1C63E200005712AA /* Ketone Time.png */ = {isa = PBXFileReference; lastKnownFileType = image.png; name = "Ketone Time.png"; path = "Library/Ketone Time.png"; sourceTree = "<group>"; };
		7083146F1C63E200005712AA /* Low BG.png */ = {isa = PBXFileReference; lastKnownFileType = image.png; name = "Low BG.png"; path = "Library/Low BG.png"; sourceTree = "<group>"; };
		708314701C63E200005712AA /* Need A Break.png */ = {isa = PBXFileReference; lastKnownFileType = image.png; name = "Need A Break.png"; path = "Library/Need A Break.png"; sourceTree = "<group>"; };
		708314711C63E200005712AA /* Nurse.png */ = {isa = PBXFileReference; lastKnownFileType = image.png; name = Nurse.png; path = Library/Nurse.png; sourceTree = "<group>"; };
		708314721C63E200005712AA /* PE Class.png */ = {isa = PBXFileReference; lastKnownFileType = image.png; name = "PE Class.png"; path = "Library/PE Class.png"; sourceTree = "<group>"; };
		708314731C63E200005712AA /* Perfect BG.png */ = {isa = PBXFileReference; lastKnownFileType = image.png; name = "Perfect BG.png"; path = "Library/Perfect BG.png"; sourceTree = "<group>"; };
		708314741C63E200005712AA /* Pizza.png */ = {isa = PBXFileReference; lastKnownFileType = image.png; name = Pizza.png; path = Library/Pizza.png; sourceTree = "<group>"; };
		708314751C63E200005712AA /* Potty Time.png */ = {isa = PBXFileReference; lastKnownFileType = image.png; name = "Potty Time.png"; path = "Library/Potty Time.png"; sourceTree = "<group>"; };
		708314761C63E200005712AA /* Regular Soda.png */ = {isa = PBXFileReference; lastKnownFileType = image.png; name = "Regular Soda.png"; path = "Library/Regular Soda.png"; sourceTree = "<group>"; };
		708314771C63E200005712AA /* Site Change.png */ = {isa = PBXFileReference; lastKnownFileType = image.png; name = "Site Change.png"; path = "Library/Site Change.png"; sourceTree = "<group>"; };
		708314781C63E200005712AA /* Sleepover.png */ = {isa = PBXFileReference; lastKnownFileType = image.png; name = Sleepover.png; path = Library/Sleepover.png; sourceTree = "<group>"; };
		708314791C63E200005712AA /* Sleepy.png */ = {isa = PBXFileReference; lastKnownFileType = image.png; name = Sleepy.png; path = Library/Sleepy.png; sourceTree = "<group>"; };
		7083147A1C63E200005712AA /* Syringe.png */ = {isa = PBXFileReference; lastKnownFileType = image.png; name = Syringe.png; path = Library/Syringe.png; sourceTree = "<group>"; };
		7083147B1C63E200005712AA /* Thirsty.png */ = {isa = PBXFileReference; lastKnownFileType = image.png; name = Thirsty.png; path = Library/Thirsty.png; sourceTree = "<group>"; };
		7083147C1C63E200005712AA /* Took Care of It.png */ = {isa = PBXFileReference; lastKnownFileType = image.png; name = "Took Care of It.png"; path = "Library/Took Care of It.png"; sourceTree = "<group>"; };
		7083147D1C63E200005712AA /* Water.png */ = {isa = PBXFileReference; lastKnownFileType = image.png; name = Water.png; path = Library/Water.png; sourceTree = "<group>"; };
		708365D71BFED40A00EA9FEC /* Emoticon.swift */ = {isa = PBXFileReference; fileEncoding = 4; lastKnownFileType = sourcecode.swift; path = Emoticon.swift; sourceTree = "<group>"; };
		708365E31BFFAD8C00EA9FEC /* EmoticonDetailViewController.swift */ = {isa = PBXFileReference; fileEncoding = 4; lastKnownFileType = sourcecode.swift; path = EmoticonDetailViewController.swift; sourceTree = "<group>"; };
		70F2BF661C0D486400D05DF1 /* MoreTableViewCell.swift */ = {isa = PBXFileReference; fileEncoding = 4; lastKnownFileType = sourcecode.swift; path = MoreTableViewCell.swift; sourceTree = "<group>"; };
		70F2BF681C0D490D00D05DF1 /* MoreTableViewController.swift */ = {isa = PBXFileReference; fileEncoding = 4; lastKnownFileType = sourcecode.swift; path = MoreTableViewController.swift; sourceTree = "<group>"; };
		70F2BF6A1C0D4BFE00D05DF1 /* WebViewController.swift */ = {isa = PBXFileReference; fileEncoding = 4; lastKnownFileType = sourcecode.swift; path = WebViewController.swift; sourceTree = "<group>"; };
		70F2BF6E1C0D4F3700D05DF1 /* SendMessageViewController.swift */ = {isa = PBXFileReference; fileEncoding = 4; lastKnownFileType = sourcecode.swift; path = SendMessageViewController.swift; sourceTree = "<group>"; };
		70F4F9BD1CA3A29D006CFA14 /* Base */ = {isa = PBXFileReference; lastKnownFileType = file.storyboard; name = Base; path = Base.lproj/Emoticon.storyboard; sourceTree = "<group>"; };
		70F4F9BF1CA3A4D1006CFA14 /* EmoticonTabViewController.swift */ = {isa = PBXFileReference; fileEncoding = 4; lastKnownFileType = sourcecode.swift; path = EmoticonTabViewController.swift; sourceTree = "<group>"; };
/* End PBXFileReference section */

/* Begin PBXFrameworksBuildPhase section */
		7013C76F1BF3E0CB007BB646 /* Frameworks */ = {
			isa = PBXFrameworksBuildPhase;
			buildActionMask = 2147483647;
			files = (
			);
			runOnlyForDeploymentPostprocessing = 0;
		};
		7013C7861BF3E0CB007BB646 /* Frameworks */ = {
			isa = PBXFrameworksBuildPhase;
			buildActionMask = 2147483647;
			files = (
			);
			runOnlyForDeploymentPostprocessing = 0;
		};
		7013C7911BF3E0CB007BB646 /* Frameworks */ = {
			isa = PBXFrameworksBuildPhase;
			buildActionMask = 2147483647;
			files = (
			);
			runOnlyForDeploymentPostprocessing = 0;
		};
/* End PBXFrameworksBuildPhase section */

/* Begin PBXGroup section */
		7013C7691BF3E0CB007BB646 = {
			isa = PBXGroup;
			children = (
				7013C7741BF3E0CB007BB646 /* Diabetes Emoticons */,
				7013C78C1BF3E0CB007BB646 /* Diabetes EmoticonsTests */,
				7013C7971BF3E0CB007BB646 /* Diabetes EmoticonsUITests */,
				7013C7731BF3E0CB007BB646 /* Products */,
			);
			sourceTree = "<group>";
		};
		7013C7731BF3E0CB007BB646 /* Products */ = {
			isa = PBXGroup;
			children = (
				7013C7721BF3E0CB007BB646 /* Diabetes Emoticons.app */,
				7013C7891BF3E0CB007BB646 /* Diabetes EmoticonsTests.xctest */,
				7013C7941BF3E0CB007BB646 /* Diabetes EmoticonsUITests.xctest */,
			);
			name = Products;
			sourceTree = "<group>";
		};
		7013C7741BF3E0CB007BB646 /* Diabetes Emoticons */ = {
			isa = PBXGroup;
			children = (
				708314571C63E1EE005712AA /* Library */,
				7013C7751BF3E0CB007BB646 /* AppDelegate.swift */,
				70F2BF6D1C0D4EEC00D05DF1 /* Emoticon */,
				70F2BF6C1C0D4ED900D05DF1 /* More */,
				708365DB1BFEE46200EA9FEC /* Core Data */,
				70F2BF701C0D519900D05DF1 /* User Interface */,
				7013C7841BF3E0CB007BB646 /* Info.plist */,
			);
			path = "Diabetes Emoticons";
			sourceTree = "<group>";
		};
		7013C78C1BF3E0CB007BB646 /* Diabetes EmoticonsTests */ = {
			isa = PBXGroup;
			children = (
				7013C78D1BF3E0CB007BB646 /* Diabetes_EmoticonsTests.swift */,
				7013C78F1BF3E0CB007BB646 /* Info.plist */,
			);
			path = "Diabetes EmoticonsTests";
			sourceTree = "<group>";
		};
		7013C7971BF3E0CB007BB646 /* Diabetes EmoticonsUITests */ = {
			isa = PBXGroup;
			children = (
				7013C7981BF3E0CB007BB646 /* Diabetes_EmoticonsUITests.swift */,
				7013C79A1BF3E0CB007BB646 /* Info.plist */,
			);
			path = "Diabetes EmoticonsUITests";
			sourceTree = "<group>";
		};
		708314571C63E1EE005712AA /* Library */ = {
			isa = PBXGroup;
			children = (
				708314581C63E200005712AA /* BG All Over the Board.png */,
				708314591C63E200005712AA /* BG in 15 min.png */,
				7083145A1C63E200005712AA /* BG Meter.png */,
				7083145B1C63E200005712AA /* Call.png */,
				7083145C1C63E200005712AA /* CGM.png */,
				7083145D1C63E200005712AA /* Cupcake.png */,
				7083145E1C63E200005712AA /* Diet Soda.png */,
				7083145F1C63E200005712AA /* Donut.png */,
				708314601C63E200005712AA /* Driving BG Check.png */,
				708314611C63E200005712AA /* Exam BG Check.png */,
				708314621C63E200005712AA /* Feeling Bad.png */,
				708314631C63E200005712AA /* Feeling Good.png */,
				708314641C63E200005712AA /* Feeling Shaky.png */,
				708314651C63E200005712AA /* Feeling So-So.png */,
				708314661C63E200005712AA /* Field Trip BG Check.png */,
				708314671C63E200005712AA /* Glucose Tablet.png */,
				708314681C63E200005712AA /* Healthy Snack.png */,
				708314691C63E200005712AA /* High BG.png */,
				7083146A1C63E200005712AA /* Hungry.png */,
				7083146B1C63E200005712AA /* Insulin Pump.png */,
				7083146C1C63E200005712AA /* Insulin Shot (Pen).png */,
				7083146D1C63E200005712AA /* Juice Box.png */,
				7083146E1C63E200005712AA /* Ketone Time.png */,
				7083146F1C63E200005712AA /* Low BG.png */,
				708314701C63E200005712AA /* Need A Break.png */,
				708314711C63E200005712AA /* Nurse.png */,
				708314721C63E200005712AA /* PE Class.png */,
				708314731C63E200005712AA /* Perfect BG.png */,
				708314741C63E200005712AA /* Pizza.png */,
				708314751C63E200005712AA /* Potty Time.png */,
				708314761C63E200005712AA /* Regular Soda.png */,
				708314771C63E200005712AA /* Site Change.png */,
				708314781C63E200005712AA /* Sleepover.png */,
				708314791C63E200005712AA /* Sleepy.png */,
				7083147A1C63E200005712AA /* Syringe.png */,
				7083147B1C63E200005712AA /* Thirsty.png */,
				7083147C1C63E200005712AA /* Took Care of It.png */,
				7083147D1C63E200005712AA /* Water.png */,
			);
			name = Library;
			sourceTree = "<group>";
		};
		708365DB1BFEE46200EA9FEC /* Core Data */ = {
			isa = PBXGroup;
			children = (
				70703C9A1C1622F800A8AD83 /* IconEnumerater.swift */,
				708365D71BFED40A00EA9FEC /* Emoticon.swift */,
				7013C77C1BF3E0CB007BB646 /* Diabetes_Emoticons.xcdatamodeld */,
			);
			name = "Core Data";
			sourceTree = "<group>";
		};
		70F2BF6C1C0D4ED900D05DF1 /* More */ = {
			isa = PBXGroup;
			children = (
				70F2BF681C0D490D00D05DF1 /* MoreTableViewController.swift */,
				70F2BF661C0D486400D05DF1 /* MoreTableViewCell.swift */,
				70F2BF6A1C0D4BFE00D05DF1 /* WebViewController.swift */,
				70F2BF6E1C0D4F3700D05DF1 /* SendMessageViewController.swift */,
			);
			name = More;
			sourceTree = "<group>";
		};
		70F2BF6D1C0D4EEC00D05DF1 /* Emoticon */ = {
			isa = PBXGroup;
			children = (
				70F4F9BF1CA3A4D1006CFA14 /* EmoticonTabViewController.swift */,
				708110A51C290917008624CE /* EmoticonTableViewController.swift */,
				7013C7A61BF3E2A5007BB646 /* EmoticonTableViewCell.swift */,
				708365E31BFFAD8C00EA9FEC /* EmoticonDetailViewController.swift */,
			);
			name = Emoticon;
			sourceTree = "<group>";
		};
		70F2BF701C0D519900D05DF1 /* User Interface */ = {
			isa = PBXGroup;
			children = (
				7013C7791BF3E0CB007BB646 /* Main.storyboard */,
				70F4F9BC1CA3A29D006CFA14 /* Emoticon.storyboard */,
				7013C77F1BF3E0CB007BB646 /* Assets.xcassets */,
				7013C7811BF3E0CB007BB646 /* LaunchScreen.storyboard */,
			);
			name = "User Interface";
			sourceTree = "<group>";
		};
/* End PBXGroup section */

/* Begin PBXNativeTarget section */
		7013C7711BF3E0CB007BB646 /* Diabetes Emoticons */ = {
			isa = PBXNativeTarget;
			buildConfigurationList = 7013C79D1BF3E0CB007BB646 /* Build configuration list for PBXNativeTarget "Diabetes Emoticons" */;
			buildPhases = (
				7013C76E1BF3E0CB007BB646 /* Sources */,
				7013C76F1BF3E0CB007BB646 /* Frameworks */,
				7013C7701BF3E0CB007BB646 /* Resources */,
			);
			buildRules = (
			);
			dependencies = (
			);
			name = "Diabetes Emoticons";
			productName = "Diabetes Emoticons";
			productReference = 7013C7721BF3E0CB007BB646 /* Diabetes Emoticons.app */;
			productType = "com.apple.product-type.application";
		};
		7013C7881BF3E0CB007BB646 /* Diabetes EmoticonsTests */ = {
			isa = PBXNativeTarget;
			buildConfigurationList = 7013C7A01BF3E0CB007BB646 /* Build configuration list for PBXNativeTarget "Diabetes EmoticonsTests" */;
			buildPhases = (
				7013C7851BF3E0CB007BB646 /* Sources */,
				7013C7861BF3E0CB007BB646 /* Frameworks */,
				7013C7871BF3E0CB007BB646 /* Resources */,
			);
			buildRules = (
			);
			dependencies = (
				7013C78B1BF3E0CB007BB646 /* PBXTargetDependency */,
			);
			name = "Diabetes EmoticonsTests";
			productName = "Diabetes EmoticonsTests";
			productReference = 7013C7891BF3E0CB007BB646 /* Diabetes EmoticonsTests.xctest */;
			productType = "com.apple.product-type.bundle.unit-test";
		};
		7013C7931BF3E0CB007BB646 /* Diabetes EmoticonsUITests */ = {
			isa = PBXNativeTarget;
			buildConfigurationList = 7013C7A31BF3E0CB007BB646 /* Build configuration list for PBXNativeTarget "Diabetes EmoticonsUITests" */;
			buildPhases = (
				7013C7901BF3E0CB007BB646 /* Sources */,
				7013C7911BF3E0CB007BB646 /* Frameworks */,
				7013C7921BF3E0CB007BB646 /* Resources */,
			);
			buildRules = (
			);
			dependencies = (
				7013C7961BF3E0CB007BB646 /* PBXTargetDependency */,
			);
			name = "Diabetes EmoticonsUITests";
			productName = "Diabetes EmoticonsUITests";
			productReference = 7013C7941BF3E0CB007BB646 /* Diabetes EmoticonsUITests.xctest */;
			productType = "com.apple.product-type.bundle.ui-testing";
		};
/* End PBXNativeTarget section */

/* Begin PBXProject section */
		7013C76A1BF3E0CB007BB646 /* Project object */ = {
			isa = PBXProject;
			attributes = {
				LastSwiftUpdateCheck = 0710;
				LastUpgradeCheck = 0710;
				ORGANIZATIONNAME = "Connor Krupp";
				TargetAttributes = {
					7013C7711BF3E0CB007BB646 = {
						CreatedOnToolsVersion = 7.1;
						DevelopmentTeam = 52KZ534T78;
					};
					7013C7881BF3E0CB007BB646 = {
						CreatedOnToolsVersion = 7.1;
						TestTargetID = 7013C7711BF3E0CB007BB646;
					};
					7013C7931BF3E0CB007BB646 = {
						CreatedOnToolsVersion = 7.1;
						TestTargetID = 7013C7711BF3E0CB007BB646;
					};
				};
			};
			buildConfigurationList = 7013C76D1BF3E0CB007BB646 /* Build configuration list for PBXProject "Diabetes Emoticons" */;
			compatibilityVersion = "Xcode 3.2";
			developmentRegion = English;
			hasScannedForEncodings = 0;
			knownRegions = (
				en,
				Base,
			);
			mainGroup = 7013C7691BF3E0CB007BB646;
			productRefGroup = 7013C7731BF3E0CB007BB646 /* Products */;
			projectDirPath = "";
			projectRoot = "";
			targets = (
				7013C7711BF3E0CB007BB646 /* Diabetes Emoticons */,
				7013C7881BF3E0CB007BB646 /* Diabetes EmoticonsTests */,
				7013C7931BF3E0CB007BB646 /* Diabetes EmoticonsUITests */,
			);
		};
/* End PBXProject section */

/* Begin PBXResourcesBuildPhase section */
		7013C7701BF3E0CB007BB646 /* Resources */ = {
			isa = PBXResourcesBuildPhase;
			buildActionMask = 2147483647;
			files = (
				708314A21C63E200005712AA /* Took Care of It.png in Resources */,
				7083148F1C63E200005712AA /* High BG.png in Resources */,
				708314941C63E200005712AA /* Ketone Time.png in Resources */,
				708314981C63E200005712AA /* PE Class.png in Resources */,
				7083149F1C63E200005712AA /* Sleepy.png in Resources */,
				708314951C63E200005712AA /* Low BG.png in Resources */,
				708314911C63E200005712AA /* Insulin Pump.png in Resources */,
				708314891C63E200005712AA /* Feeling Good.png in Resources */,
				708314831C63E200005712AA /* Cupcake.png in Resources */,
				708314991C63E200005712AA /* Perfect BG.png in Resources */,
				708314861C63E200005712AA /* Driving BG Check.png in Resources */,
				708314921C63E200005712AA /* Insulin Shot (Pen).png in Resources */,
				7083149C1C63E200005712AA /* Regular Soda.png in Resources */,
				708314A11C63E200005712AA /* Thirsty.png in Resources */,
				7083149A1C63E200005712AA /* Pizza.png in Resources */,
				7083148E1C63E200005712AA /* Healthy Snack.png in Resources */,
				708314961C63E200005712AA /* Need A Break.png in Resources */,
				708314A31C63E200005712AA /* Water.png in Resources */,
				70F4F9BE1CA3A29D006CFA14 /* Emoticon.storyboard in Resources */,
				7083149E1C63E200005712AA /* Sleepover.png in Resources */,
				7083147F1C63E200005712AA /* BG in 15 min.png in Resources */,
				708314901C63E200005712AA /* Hungry.png in Resources */,
				7083149B1C63E200005712AA /* Potty Time.png in Resources */,
				708314821C63E200005712AA /* CGM.png in Resources */,
				7013C7831BF3E0CB007BB646 /* LaunchScreen.storyboard in Resources */,
				7083148B1C63E200005712AA /* Feeling So-So.png in Resources */,
				7013C7801BF3E0CB007BB646 /* Assets.xcassets in Resources */,
				708314801C63E200005712AA /* BG Meter.png in Resources */,
				7013C77B1BF3E0CB007BB646 /* Main.storyboard in Resources */,
				708314A01C63E200005712AA /* Syringe.png in Resources */,
				7083148C1C63E200005712AA /* Field Trip BG Check.png in Resources */,
				708314851C63E200005712AA /* Donut.png in Resources */,
				708314931C63E200005712AA /* Juice Box.png in Resources */,
				708314881C63E200005712AA /* Feeling Bad.png in Resources */,
				708314971C63E200005712AA /* Nurse.png in Resources */,
				708314841C63E200005712AA /* Diet Soda.png in Resources */,
				708314871C63E200005712AA /* Exam BG Check.png in Resources */,
				7083149D1C63E200005712AA /* Site Change.png in Resources */,
				7083148D1C63E200005712AA /* Glucose Tablet.png in Resources */,
				7083147E1C63E200005712AA /* BG All Over the Board.png in Resources */,
				7083148A1C63E200005712AA /* Feeling Shaky.png in Resources */,
				708314811C63E200005712AA /* Call.png in Resources */,
			);
			runOnlyForDeploymentPostprocessing = 0;
		};
		7013C7871BF3E0CB007BB646 /* Resources */ = {
			isa = PBXResourcesBuildPhase;
			buildActionMask = 2147483647;
			files = (
			);
			runOnlyForDeploymentPostprocessing = 0;
		};
		7013C7921BF3E0CB007BB646 /* Resources */ = {
			isa = PBXResourcesBuildPhase;
			buildActionMask = 2147483647;
			files = (
			);
			runOnlyForDeploymentPostprocessing = 0;
		};
/* End PBXResourcesBuildPhase section */

/* Begin PBXSourcesBuildPhase section */
		7013C76E1BF3E0CB007BB646 /* Sources */ = {
			isa = PBXSourcesBuildPhase;
			buildActionMask = 2147483647;
			files = (
				70703C9B1C1622F800A8AD83 /* IconEnumerater.swift in Sources */,
				70703C991C161DDD00A8AD83 /* WebViewController.swift in Sources */,
				708365D81BFED40A00EA9FEC /* Emoticon.swift in Sources */,
				708365E41BFFAD8C00EA9FEC /* EmoticonDetailViewController.swift in Sources */,
				7013C77E1BF3E0CB007BB646 /* Diabetes_Emoticons.xcdatamodeld in Sources */,
				70F2BF691C0D490D00D05DF1 /* MoreTableViewController.swift in Sources */,
				70F4F9C01CA3A4D1006CFA14 /* EmoticonTabViewController.swift in Sources */,
				70F2BF671C0D486400D05DF1 /* MoreTableViewCell.swift in Sources */,
				7013C7761BF3E0CB007BB646 /* AppDelegate.swift in Sources */,
				70F2BF6F1C0D4F3700D05DF1 /* SendMessageViewController.swift in Sources */,
				7013C7A71BF3E2A5007BB646 /* EmoticonTableViewCell.swift in Sources */,
				708110A61C290917008624CE /* EmoticonTableViewController.swift in Sources */,
			);
			runOnlyForDeploymentPostprocessing = 0;
		};
		7013C7851BF3E0CB007BB646 /* Sources */ = {
			isa = PBXSourcesBuildPhase;
			buildActionMask = 2147483647;
			files = (
				7013C78E1BF3E0CB007BB646 /* Diabetes_EmoticonsTests.swift in Sources */,
			);
			runOnlyForDeploymentPostprocessing = 0;
		};
		7013C7901BF3E0CB007BB646 /* Sources */ = {
			isa = PBXSourcesBuildPhase;
			buildActionMask = 2147483647;
			files = (
				7013C7991BF3E0CB007BB646 /* Diabetes_EmoticonsUITests.swift in Sources */,
			);
			runOnlyForDeploymentPostprocessing = 0;
		};
/* End PBXSourcesBuildPhase section */

/* Begin PBXTargetDependency section */
		7013C78B1BF3E0CB007BB646 /* PBXTargetDependency */ = {
			isa = PBXTargetDependency;
			target = 7013C7711BF3E0CB007BB646 /* Diabetes Emoticons */;
			targetProxy = 7013C78A1BF3E0CB007BB646 /* PBXContainerItemProxy */;
		};
		7013C7961BF3E0CB007BB646 /* PBXTargetDependency */ = {
			isa = PBXTargetDependency;
			target = 7013C7711BF3E0CB007BB646 /* Diabetes Emoticons */;
			targetProxy = 7013C7951BF3E0CB007BB646 /* PBXContainerItemProxy */;
		};
/* End PBXTargetDependency section */

/* Begin PBXVariantGroup section */
		7013C7791BF3E0CB007BB646 /* Main.storyboard */ = {
			isa = PBXVariantGroup;
			children = (
				7013C77A1BF3E0CB007BB646 /* Base */,
			);
			name = Main.storyboard;
			sourceTree = "<group>";
		};
		7013C7811BF3E0CB007BB646 /* LaunchScreen.storyboard */ = {
			isa = PBXVariantGroup;
			children = (
				7013C7821BF3E0CB007BB646 /* Base */,
			);
			name = LaunchScreen.storyboard;
			sourceTree = "<group>";
		};
		70F4F9BC1CA3A29D006CFA14 /* Emoticon.storyboard */ = {
			isa = PBXVariantGroup;
			children = (
				70F4F9BD1CA3A29D006CFA14 /* Base */,
			);
			name = Emoticon.storyboard;
			sourceTree = "<group>";
		};
/* End PBXVariantGroup section */

/* Begin XCBuildConfiguration section */
		7013C79B1BF3E0CB007BB646 /* Debug */ = {
			isa = XCBuildConfiguration;
			buildSettings = {
				ALWAYS_SEARCH_USER_PATHS = NO;
				CLANG_CXX_LANGUAGE_STANDARD = "gnu++0x";
				CLANG_CXX_LIBRARY = "libc++";
				CLANG_ENABLE_MODULES = YES;
				CLANG_ENABLE_OBJC_ARC = YES;
				CLANG_WARN_BOOL_CONVERSION = YES;
				CLANG_WARN_CONSTANT_CONVERSION = YES;
				CLANG_WARN_DIRECT_OBJC_ISA_USAGE = YES_ERROR;
				CLANG_WARN_EMPTY_BODY = YES;
				CLANG_WARN_ENUM_CONVERSION = YES;
				CLANG_WARN_INT_CONVERSION = YES;
				CLANG_WARN_OBJC_ROOT_CLASS = YES_ERROR;
				CLANG_WARN_UNREACHABLE_CODE = YES;
				CLANG_WARN__DUPLICATE_METHOD_MATCH = YES;
				"CODE_SIGN_IDENTITY[sdk=iphoneos*]" = "iPhone Developer";
				COPY_PHASE_STRIP = NO;
				DEBUG_INFORMATION_FORMAT = dwarf;
				ENABLE_STRICT_OBJC_MSGSEND = YES;
				ENABLE_TESTABILITY = YES;
				GCC_C_LANGUAGE_STANDARD = gnu99;
				GCC_DYNAMIC_NO_PIC = NO;
				GCC_NO_COMMON_BLOCKS = YES;
				GCC_OPTIMIZATION_LEVEL = 0;
				GCC_PREPROCESSOR_DEFINITIONS = (
					"DEBUG=1",
					"$(inherited)",
				);
				GCC_WARN_64_TO_32_BIT_CONVERSION = YES;
				GCC_WARN_ABOUT_RETURN_TYPE = YES_ERROR;
				GCC_WARN_UNDECLARED_SELECTOR = YES;
				GCC_WARN_UNINITIALIZED_AUTOS = YES_AGGRESSIVE;
				GCC_WARN_UNUSED_FUNCTION = YES;
				GCC_WARN_UNUSED_VARIABLE = YES;
				IPHONEOS_DEPLOYMENT_TARGET = 9.1;
				MTL_ENABLE_DEBUG_INFO = YES;
				ONLY_ACTIVE_ARCH = YES;
				SDKROOT = iphoneos;
				SWIFT_OPTIMIZATION_LEVEL = "-Onone";
				TARGETED_DEVICE_FAMILY = "1,2";
			};
			name = Debug;
		};
		7013C79C1BF3E0CB007BB646 /* Release */ = {
			isa = XCBuildConfiguration;
			buildSettings = {
				ALWAYS_SEARCH_USER_PATHS = NO;
				CLANG_CXX_LANGUAGE_STANDARD = "gnu++0x";
				CLANG_CXX_LIBRARY = "libc++";
				CLANG_ENABLE_MODULES = YES;
				CLANG_ENABLE_OBJC_ARC = YES;
				CLANG_WARN_BOOL_CONVERSION = YES;
				CLANG_WARN_CONSTANT_CONVERSION = YES;
				CLANG_WARN_DIRECT_OBJC_ISA_USAGE = YES_ERROR;
				CLANG_WARN_EMPTY_BODY = YES;
				CLANG_WARN_ENUM_CONVERSION = YES;
				CLANG_WARN_INT_CONVERSION = YES;
				CLANG_WARN_OBJC_ROOT_CLASS = YES_ERROR;
				CLANG_WARN_UNREACHABLE_CODE = YES;
				CLANG_WARN__DUPLICATE_METHOD_MATCH = YES;
				"CODE_SIGN_IDENTITY[sdk=iphoneos*]" = "iPhone Developer";
				COPY_PHASE_STRIP = NO;
				DEBUG_INFORMATION_FORMAT = "dwarf-with-dsym";
				ENABLE_NS_ASSERTIONS = NO;
				ENABLE_STRICT_OBJC_MSGSEND = YES;
				GCC_C_LANGUAGE_STANDARD = gnu99;
				GCC_NO_COMMON_BLOCKS = YES;
				GCC_WARN_64_TO_32_BIT_CONVERSION = YES;
				GCC_WARN_ABOUT_RETURN_TYPE = YES_ERROR;
				GCC_WARN_UNDECLARED_SELECTOR = YES;
				GCC_WARN_UNINITIALIZED_AUTOS = YES_AGGRESSIVE;
				GCC_WARN_UNUSED_FUNCTION = YES;
				GCC_WARN_UNUSED_VARIABLE = YES;
				IPHONEOS_DEPLOYMENT_TARGET = 9.1;
				MTL_ENABLE_DEBUG_INFO = NO;
				SDKROOT = iphoneos;
				TARGETED_DEVICE_FAMILY = "1,2";
				VALIDATE_PRODUCT = YES;
			};
			name = Release;
		};
		7013C79E1BF3E0CB007BB646 /* Debug */ = {
			isa = XCBuildConfiguration;
			buildSettings = {
				ASSETCATALOG_COMPILER_APPICON_NAME = AppIcon;
				CODE_SIGN_IDENTITY = "iPhone Developer";
				"CODE_SIGN_IDENTITY[sdk=iphoneos*]" = "iPhone Developer";
				INFOPLIST_FILE = "Diabetes Emoticons/Info.plist";
				LD_RUNPATH_SEARCH_PATHS = "$(inherited) @executable_path/Frameworks";
				PRODUCT_BUNDLE_IDENTIFIER = com.doctorasdesigner.diabetesemoticons;
				PRODUCT_NAME = "$(TARGET_NAME)";
				PROVISIONING_PROFILE = "";
			};
			name = Debug;
		};
		7013C79F1BF3E0CB007BB646 /* Release */ = {
			isa = XCBuildConfiguration;
			buildSettings = {
				ASSETCATALOG_COMPILER_APPICON_NAME = AppIcon;
				CODE_SIGN_IDENTITY = "iPhone Developer";
				"CODE_SIGN_IDENTITY[sdk=iphoneos*]" = "iPhone Developer";
				INFOPLIST_FILE = "Diabetes Emoticons/Info.plist";
				LD_RUNPATH_SEARCH_PATHS = "$(inherited) @executable_path/Frameworks";
				PRODUCT_BUNDLE_IDENTIFIER = com.doctorasdesigner.diabetesemoticons;
				PRODUCT_NAME = "$(TARGET_NAME)";
				PROVISIONING_PROFILE = "";
			};
			name = Release;
		};
		7013C7A11BF3E0CB007BB646 /* Debug */ = {
			isa = XCBuildConfiguration;
			buildSettings = {
				BUNDLE_LOADER = "$(TEST_HOST)";
				INFOPLIST_FILE = "Diabetes EmoticonsTests/Info.plist";
				LD_RUNPATH_SEARCH_PATHS = "$(inherited) @executable_path/Frameworks @loader_path/Frameworks";
				PRODUCT_BUNDLE_IDENTIFIER = "com.kruppcon.Diabetes-EmoticonsTests";
				PRODUCT_NAME = "$(TARGET_NAME)";
				TEST_HOST = "$(BUILT_PRODUCTS_DIR)/Diabetes Emoticons.app/Diabetes Emoticons";
			};
			name = Debug;
		};
		7013C7A21BF3E0CB007BB646 /* Release */ = {
			isa = XCBuildConfiguration;
			buildSettings = {
				BUNDLE_LOADER = "$(TEST_HOST)";
				INFOPLIST_FILE = "Diabetes EmoticonsTests/Info.plist";
				LD_RUNPATH_SEARCH_PATHS = "$(inherited) @executable_path/Frameworks @loader_path/Frameworks";
				PRODUCT_BUNDLE_IDENTIFIER = "com.kruppcon.Diabetes-EmoticonsTests";
				PRODUCT_NAME = "$(TARGET_NAME)";
				TEST_HOST = "$(BUILT_PRODUCTS_DIR)/Diabetes Emoticons.app/Diabetes Emoticons";
			};
			name = Release;
		};
		7013C7A41BF3E0CB007BB646 /* Debug */ = {
			isa = XCBuildConfiguration;
			buildSettings = {
				INFOPLIST_FILE = "Diabetes EmoticonsUITests/Info.plist";
				LD_RUNPATH_SEARCH_PATHS = "$(inherited) @executable_path/Frameworks @loader_path/Frameworks";
				PRODUCT_BUNDLE_IDENTIFIER = "com.kruppcon.Diabetes-EmoticonsUITests";
				PRODUCT_NAME = "$(TARGET_NAME)";
				TEST_TARGET_NAME = "Diabetes Emoticons";
				USES_XCTRUNNER = YES;
			};
			name = Debug;
		};
		7013C7A51BF3E0CB007BB646 /* Release */ = {
			isa = XCBuildConfiguration;
			buildSettings = {
				INFOPLIST_FILE = "Diabetes EmoticonsUITests/Info.plist";
				LD_RUNPATH_SEARCH_PATHS = "$(inherited) @executable_path/Frameworks @loader_path/Frameworks";
				PRODUCT_BUNDLE_IDENTIFIER = "com.kruppcon.Diabetes-EmoticonsUITests";
				PRODUCT_NAME = "$(TARGET_NAME)";
				TEST_TARGET_NAME = "Diabetes Emoticons";
				USES_XCTRUNNER = YES;
			};
			name = Release;
		};
/* End XCBuildConfiguration section */

/* Begin XCConfigurationList section */
		7013C76D1BF3E0CB007BB646 /* Build configuration list for PBXProject "Diabetes Emoticons" */ = {
			isa = XCConfigurationList;
			buildConfigurations = (
				7013C79B1BF3E0CB007BB646 /* Debug */,
				7013C79C1BF3E0CB007BB646 /* Release */,
			);
			defaultConfigurationIsVisible = 0;
			defaultConfigurationName = Release;
		};
		7013C79D1BF3E0CB007BB646 /* Build configuration list for PBXNativeTarget "Diabetes Emoticons" */ = {
			isa = XCConfigurationList;
			buildConfigurations = (
				7013C79E1BF3E0CB007BB646 /* Debug */,
				7013C79F1BF3E0CB007BB646 /* Release */,
			);
			defaultConfigurationIsVisible = 0;
			defaultConfigurationName = Release;
		};
		7013C7A01BF3E0CB007BB646 /* Build configuration list for PBXNativeTarget "Diabetes EmoticonsTests" */ = {
			isa = XCConfigurationList;
			buildConfigurations = (
				7013C7A11BF3E0CB007BB646 /* Debug */,
				7013C7A21BF3E0CB007BB646 /* Release */,
			);
			defaultConfigurationIsVisible = 0;
			defaultConfigurationName = Release;
		};
		7013C7A31BF3E0CB007BB646 /* Build configuration list for PBXNativeTarget "Diabetes EmoticonsUITests" */ = {
			isa = XCConfigurationList;
			buildConfigurations = (
				7013C7A41BF3E0CB007BB646 /* Debug */,
				7013C7A51BF3E0CB007BB646 /* Release */,
			);
			defaultConfigurationIsVisible = 0;
			defaultConfigurationName = Release;
		};
/* End XCConfigurationList section */

/* Begin XCVersionGroup section */
		7013C77C1BF3E0CB007BB646 /* Diabetes_Emoticons.xcdatamodeld */ = {
			isa = XCVersionGroup;
			children = (
				7013C77D1BF3E0CB007BB646 /* Diabetes_Emoticons.xcdatamodel */,
			);
			currentVersion = 7013C77D1BF3E0CB007BB646 /* Diabetes_Emoticons.xcdatamodel */;
			path = Diabetes_Emoticons.xcdatamodeld;
			sourceTree = "<group>";
			versionGroupType = wrapper.xcdatamodel;
		};
/* End XCVersionGroup section */
	};
	rootObject = 7013C76A1BF3E0CB007BB646 /* Project object */;
}
